// !$*UTF8*$!
{
	archiveVersion = 1;
	classes = {
	};
	objectVersion = 46;
	objects = {

/* Begin PBXBuildFile section */
		320EB5731ECA46D7004DE20D /* ObstaclesLayerNode.swift in Sources */ = {isa = PBXBuildFile; fileRef = 320EB5721ECA46D7004DE20D /* ObstaclesLayerNode.swift */; };
		32314FE01ED018C30016C6FF /* ObstacleNodeAppender.swift in Sources */ = {isa = PBXBuildFile; fileRef = 32314FDF1ED018C30016C6FF /* ObstacleNodeAppender.swift */; };
		32314FE41ED02B4F0016C6FF /* ObstacleNodeAppendRules.swift in Sources */ = {isa = PBXBuildFile; fileRef = 32314FE31ED02B4F0016C6FF /* ObstacleNodeAppendRules.swift */; };
		323C45EA1ECA3BE2003E7E71 /* ObstacleNode.swift in Sources */ = {isa = PBXBuildFile; fileRef = 323C45E91ECA3BE2003E7E71 /* ObstacleNode.swift */; };
		323C45EC1ECA40FA003E7E71 /* Helpers.swift in Sources */ = {isa = PBXBuildFile; fileRef = 323C45EB1ECA40FA003E7E71 /* Helpers.swift */; };
		327458E01ECAFE3D00CCA1D0 /* page_model.json in Resources */ = {isa = PBXBuildFile; fileRef = 327458DF1ECAFE3D00CCA1D0 /* page_model.json */; };
		327458E21ECB17AE00CCA1D0 /* EndlessLevelScene.swift in Sources */ = {isa = PBXBuildFile; fileRef = 327458E11ECB17AE00CCA1D0 /* EndlessLevelScene.swift */; };
		327458E81ECB1A0300CCA1D0 /* GameManager.swift in Sources */ = {isa = PBXBuildFile; fileRef = 327458E71ECB1A0300CCA1D0 /* GameManager.swift */; };
		328747371EC9D49D004D54F6 /* AppDelegate.swift in Sources */ = {isa = PBXBuildFile; fileRef = 328747361EC9D49D004D54F6 /* AppDelegate.swift */; };
		3287473F1EC9D49D004D54F6 /* GameViewController.swift in Sources */ = {isa = PBXBuildFile; fileRef = 3287473E1EC9D49D004D54F6 /* GameViewController.swift */; };
		328747421EC9D49D004D54F6 /* Main.storyboard in Resources */ = {isa = PBXBuildFile; fileRef = 328747401EC9D49D004D54F6 /* Main.storyboard */; };
		328747441EC9D49D004D54F6 /* Assets.xcassets in Resources */ = {isa = PBXBuildFile; fileRef = 328747431EC9D49D004D54F6 /* Assets.xcassets */; };
		328747471EC9D49D004D54F6 /* LaunchScreen.storyboard in Resources */ = {isa = PBXBuildFile; fileRef = 328747451EC9D49D004D54F6 /* LaunchScreen.storyboard */; };
		32E30A5D1EDF407D00C24959 /* MainCharacterNode.swift in Sources */ = {isa = PBXBuildFile; fileRef = 32E30A5C1EDF407D00C24959 /* MainCharacterNode.swift */; };
		32E3D6351EDFDB420006EFE8 /* MainCharacterNodeBehaviour.swift in Sources */ = {isa = PBXBuildFile; fileRef = 32E3D6341EDFDB420006EFE8 /* MainCharacterNodeBehaviour.swift */; };
		32E3D63A1EDFE52C0006EFE8 /* MainCharacterNodeEventDrivenBehaviour.swift in Sources */ = {isa = PBXBuildFile; fileRef = 32E3D6391EDFE52C0006EFE8 /* MainCharacterNodeEventDrivenBehaviour.swift */; };
		32E3D63C1EDFE5F20006EFE8 /* MainCharacterNodeJumpBehaviour.swift in Sources */ = {isa = PBXBuildFile; fileRef = 32E3D63B1EDFE5F20006EFE8 /* MainCharacterNodeJumpBehaviour.swift */; };
		32E3D63E1EDFECB60006EFE8 /* MainCharacterNodeContinuousBehaviour.swift in Sources */ = {isa = PBXBuildFile; fileRef = 32E3D63D1EDFECB60006EFE8 /* MainCharacterNodeContinuousBehaviour.swift */; };
		32E3D6401EDFEF690006EFE8 /* MainCharacterNodeBehaviourController.swift in Sources */ = {isa = PBXBuildFile; fileRef = 32E3D63F1EDFEF690006EFE8 /* MainCharacterNodeBehaviourController.swift */; };
		32E7281E1ED3F5D4004DFDFB /* ObstacleNodeAppenderController.swift in Sources */ = {isa = PBXBuildFile; fileRef = 32E7281D1ED3F5D4004DFDFB /* ObstacleNodeAppenderController.swift */; };
		32EA791D1EE67D2500B0F4D4 /* MainCharacterNodeHorizontalLimitBehaviour.swift in Sources */ = {isa = PBXBuildFile; fileRef = 32EA791C1EE67D2500B0F4D4 /* MainCharacterNodeHorizontalLimitBehaviour.swift */; };
		8466B094605E51820B47893A /* Pods_RoofTopRunner.framework in Frameworks */ = {isa = PBXBuildFile; fileRef = C954112B745794B726884FED /* Pods_RoofTopRunner.framework */; };
/* End PBXBuildFile section */

/* Begin PBXFileReference section */
		320EB5721ECA46D7004DE20D /* ObstaclesLayerNode.swift */ = {isa = PBXFileReference; fileEncoding = 4; lastKnownFileType = sourcecode.swift; lineEnding = 0; path = ObstaclesLayerNode.swift; sourceTree = "<group>"; xcLanguageSpecificationIdentifier = xcode.lang.swift; };
		32314FDF1ED018C30016C6FF /* ObstacleNodeAppender.swift */ = {isa = PBXFileReference; fileEncoding = 4; lastKnownFileType = sourcecode.swift; path = ObstacleNodeAppender.swift; sourceTree = "<group>"; };
		32314FE31ED02B4F0016C6FF /* ObstacleNodeAppendRules.swift */ = {isa = PBXFileReference; fileEncoding = 4; lastKnownFileType = sourcecode.swift; path = ObstacleNodeAppendRules.swift; sourceTree = "<group>"; };
		323C45E91ECA3BE2003E7E71 /* ObstacleNode.swift */ = {isa = PBXFileReference; fileEncoding = 4; lastKnownFileType = sourcecode.swift; path = ObstacleNode.swift; sourceTree = "<group>"; };
		323C45EB1ECA40FA003E7E71 /* Helpers.swift */ = {isa = PBXFileReference; fileEncoding = 4; lastKnownFileType = sourcecode.swift; path = Helpers.swift; sourceTree = "<group>"; };
		327458DF1ECAFE3D00CCA1D0 /* page_model.json */ = {isa = PBXFileReference; fileEncoding = 4; lastKnownFileType = text.json; path = page_model.json; sourceTree = "<group>"; };
		327458E11ECB17AE00CCA1D0 /* EndlessLevelScene.swift */ = {isa = PBXFileReference; fileEncoding = 4; lastKnownFileType = sourcecode.swift; path = EndlessLevelScene.swift; sourceTree = "<group>"; };
		327458E71ECB1A0300CCA1D0 /* GameManager.swift */ = {isa = PBXFileReference; fileEncoding = 4; lastKnownFileType = sourcecode.swift; lineEnding = 0; path = GameManager.swift; sourceTree = "<group>"; xcLanguageSpecificationIdentifier = xcode.lang.swift; };
		328747331EC9D49D004D54F6 /* RoofTopRunner.app */ = {isa = PBXFileReference; explicitFileType = wrapper.application; includeInIndex = 0; path = RoofTopRunner.app; sourceTree = BUILT_PRODUCTS_DIR; };
		328747361EC9D49D004D54F6 /* AppDelegate.swift */ = {isa = PBXFileReference; lastKnownFileType = sourcecode.swift; lineEnding = 0; path = AppDelegate.swift; sourceTree = "<group>"; xcLanguageSpecificationIdentifier = xcode.lang.swift; };
		3287473E1EC9D49D004D54F6 /* GameViewController.swift */ = {isa = PBXFileReference; lastKnownFileType = sourcecode.swift; path = GameViewController.swift; sourceTree = "<group>"; };
		328747411EC9D49D004D54F6 /* Base */ = {isa = PBXFileReference; lastKnownFileType = file.storyboard; name = Base; path = Base.lproj/Main.storyboard; sourceTree = "<group>"; };
		328747431EC9D49D004D54F6 /* Assets.xcassets */ = {isa = PBXFileReference; lastKnownFileType = folder.assetcatalog; path = Assets.xcassets; sourceTree = "<group>"; };
		328747461EC9D49D004D54F6 /* Base */ = {isa = PBXFileReference; lastKnownFileType = file.storyboard; name = Base; path = Base.lproj/LaunchScreen.storyboard; sourceTree = "<group>"; };
		328747481EC9D49D004D54F6 /* Info.plist */ = {isa = PBXFileReference; lastKnownFileType = text.plist.xml; name = Info.plist; path = RoofTopRunner/Info.plist; sourceTree = "<group>"; };
		32E30A5C1EDF407D00C24959 /* MainCharacterNode.swift */ = {isa = PBXFileReference; fileEncoding = 4; lastKnownFileType = sourcecode.swift; path = MainCharacterNode.swift; sourceTree = "<group>"; };
		32E3D6341EDFDB420006EFE8 /* MainCharacterNodeBehaviour.swift */ = {isa = PBXFileReference; fileEncoding = 4; lastKnownFileType = sourcecode.swift; path = MainCharacterNodeBehaviour.swift; sourceTree = "<group>"; };
		32E3D6391EDFE52C0006EFE8 /* MainCharacterNodeEventDrivenBehaviour.swift */ = {isa = PBXFileReference; fileEncoding = 4; lastKnownFileType = sourcecode.swift; path = MainCharacterNodeEventDrivenBehaviour.swift; sourceTree = "<group>"; };
		32E3D63B1EDFE5F20006EFE8 /* MainCharacterNodeJumpBehaviour.swift */ = {isa = PBXFileReference; fileEncoding = 4; lastKnownFileType = sourcecode.swift; path = MainCharacterNodeJumpBehaviour.swift; sourceTree = "<group>"; };
		32E3D63D1EDFECB60006EFE8 /* MainCharacterNodeContinuousBehaviour.swift */ = {isa = PBXFileReference; fileEncoding = 4; lastKnownFileType = sourcecode.swift; path = MainCharacterNodeContinuousBehaviour.swift; sourceTree = "<group>"; };
		32E3D63F1EDFEF690006EFE8 /* MainCharacterNodeBehaviourController.swift */ = {isa = PBXFileReference; fileEncoding = 4; lastKnownFileType = sourcecode.swift; path = MainCharacterNodeBehaviourController.swift; sourceTree = "<group>"; };
		32E7281D1ED3F5D4004DFDFB /* ObstacleNodeAppenderController.swift */ = {isa = PBXFileReference; fileEncoding = 4; lastKnownFileType = sourcecode.swift; path = ObstacleNodeAppenderController.swift; sourceTree = "<group>"; };
		32EA791C1EE67D2500B0F4D4 /* MainCharacterNodeHorizontalLimitBehaviour.swift */ = {isa = PBXFileReference; fileEncoding = 4; lastKnownFileType = sourcecode.swift; path = MainCharacterNodeHorizontalLimitBehaviour.swift; sourceTree = "<group>"; };
		354206165E7FBB02C39D6183 /* Pods-RoofTopRunner.debug.xcconfig */ = {isa = PBXFileReference; includeInIndex = 1; lastKnownFileType = text.xcconfig; name = "Pods-RoofTopRunner.debug.xcconfig"; path = "Pods/Target Support Files/Pods-RoofTopRunner/Pods-RoofTopRunner.debug.xcconfig"; sourceTree = "<group>"; };
		7BCFBBF2540ACC3BD2630C6F /* Pods-RoofTopRunner.release.xcconfig */ = {isa = PBXFileReference; includeInIndex = 1; lastKnownFileType = text.xcconfig; name = "Pods-RoofTopRunner.release.xcconfig"; path = "Pods/Target Support Files/Pods-RoofTopRunner/Pods-RoofTopRunner.release.xcconfig"; sourceTree = "<group>"; };
		C954112B745794B726884FED /* Pods_RoofTopRunner.framework */ = {isa = PBXFileReference; explicitFileType = wrapper.framework; includeInIndex = 0; path = Pods_RoofTopRunner.framework; sourceTree = BUILT_PRODUCTS_DIR; };
/* End PBXFileReference section */

/* Begin PBXFrameworksBuildPhase section */
		328747301EC9D49D004D54F6 /* Frameworks */ = {
			isa = PBXFrameworksBuildPhase;
			buildActionMask = 2147483647;
			files = (
				8466B094605E51820B47893A /* Pods_RoofTopRunner.framework in Frameworks */,
			);
			runOnlyForDeploymentPostprocessing = 0;
		};
/* End PBXFrameworksBuildPhase section */

/* Begin PBXGroup section */
		1E0DC57D1535109F497889C5 /* Frameworks */ = {
			isa = PBXGroup;
			children = (
				C954112B745794B726884FED /* Pods_RoofTopRunner.framework */,
			);
			name = Frameworks;
			sourceTree = "<group>";
		};
		327458E31ECB17DD00CCA1D0 /* ObstaclePage Patterns */ = {
			isa = PBXGroup;
			children = (
				327458DF1ECAFE3D00CCA1D0 /* page_model.json */,
			);
			name = "ObstaclePage Patterns";
			sourceTree = "<group>";
		};
		327458E41ECB181100CCA1D0 /* Obstacles Layer */ = {
			isa = PBXGroup;
			children = (
				320EB5721ECA46D7004DE20D /* ObstaclesLayerNode.swift */,
				32E7281F1ED40423004DFDFB /* Controller */,
				32E728201ED40435004DFDFB /* View */,
			);
			name = "Obstacles Layer";
			sourceTree = "<group>";
		};
		327458E51ECB186100CCA1D0 /* Game Scenes */ = {
			isa = PBXGroup;
			children = (
				32E7281B1ED3F4F0004DFDFB /* Endless Level Scene */,
			);
			name = "Game Scenes";
			sourceTree = "<group>";
		};
		327458E61ECB188F00CCA1D0 /* View Controllers & StoryBoards */ = {
			isa = PBXGroup;
			children = (
				3287473E1EC9D49D004D54F6 /* GameViewController.swift */,
				328747401EC9D49D004D54F6 /* Main.storyboard */,
				328747451EC9D49D004D54F6 /* LaunchScreen.storyboard */,
			);
			name = "View Controllers & StoryBoards";
			sourceTree = "<group>";
		};
		327458E91ECB208700CCA1D0 /* Art */ = {
			isa = PBXGroup;
			children = (
				328747431EC9D49D004D54F6 /* Assets.xcassets */,
			);
			name = Art;
			sourceTree = "<group>";
		};
		3287472A1EC9D49D004D54F6 = {
			isa = PBXGroup;
			children = (
				328747351EC9D49D004D54F6 /* RoofTopRunner */,
				328747481EC9D49D004D54F6 /* Info.plist */,
				328747341EC9D49D004D54F6 /* Products */,
				DC69658B901FC96CE377F60C /* Pods */,
				1E0DC57D1535109F497889C5 /* Frameworks */,
			);
			sourceTree = "<group>";
		};
		328747341EC9D49D004D54F6 /* Products */ = {
			isa = PBXGroup;
			children = (
				328747331EC9D49D004D54F6 /* RoofTopRunner.app */,
			);
			name = Products;
			sourceTree = "<group>";
		};
		328747351EC9D49D004D54F6 /* RoofTopRunner */ = {
			isa = PBXGroup;
			children = (
				328747361EC9D49D004D54F6 /* AppDelegate.swift */,
				327458E61ECB188F00CCA1D0 /* View Controllers & StoryBoards */,
				32E7281C1ED3F53A004DFDFB /* Shared Functionality */,
				327458E51ECB186100CCA1D0 /* Game Scenes */,
				327458E91ECB208700CCA1D0 /* Art */,
			);
			path = RoofTopRunner;
			sourceTree = "<group>";
		};
		32E30A5B1EDF405B00C24959 /* Main Character */ = {
			isa = PBXGroup;
			children = (
				32E30A5C1EDF407D00C24959 /* MainCharacterNode.swift */,
				32E3D6361EDFE4E60006EFE8 /* Behaviours */,
			);
			name = "Main Character";
			sourceTree = "<group>";
		};
		32E3D6361EDFE4E60006EFE8 /* Behaviours */ = {
			isa = PBXGroup;
			children = (
				32E3D6341EDFDB420006EFE8 /* MainCharacterNodeBehaviour.swift */,
				32E3D63F1EDFEF690006EFE8 /* MainCharacterNodeBehaviourController.swift */,
				32E3D6371EDFE4FB0006EFE8 /* Event Driven */,
				32E3D6381EDFE5060006EFE8 /* Continuous */,
			);
			name = Behaviours;
			sourceTree = "<group>";
		};
		32E3D6371EDFE4FB0006EFE8 /* Event Driven */ = {
			isa = PBXGroup;
			children = (
				32E3D6391EDFE52C0006EFE8 /* MainCharacterNodeEventDrivenBehaviour.swift */,
				32E3D6411EDFF9120006EFE8 /* Concrete Events */,
			);
			name = "Event Driven";
			sourceTree = "<group>";
		};
		32E3D6381EDFE5060006EFE8 /* Continuous */ = {
			isa = PBXGroup;
			children = (
				32E3D63D1EDFECB60006EFE8 /* MainCharacterNodeContinuousBehaviour.swift */,
				32EA791C1EE67D2500B0F4D4 /* MainCharacterNodeHorizontalLimitBehaviour.swift */,
			);
			name = Continuous;
			sourceTree = "<group>";
		};
		32E3D6411EDFF9120006EFE8 /* Concrete Events */ = {
			isa = PBXGroup;
			children = (
				32E3D63B1EDFE5F20006EFE8 /* MainCharacterNodeJumpBehaviour.swift */,
			);
			name = "Concrete Events";
			sourceTree = "<group>";
		};
		32E7281B1ED3F4F0004DFDFB /* Endless Level Scene */ = {
			isa = PBXGroup;
			children = (
				327458E11ECB17AE00CCA1D0 /* EndlessLevelScene.swift */,
				32E30A5B1EDF405B00C24959 /* Main Character */,
				327458E41ECB181100CCA1D0 /* Obstacles Layer */,
				327458E31ECB17DD00CCA1D0 /* ObstaclePage Patterns */,
			);
			name = "Endless Level Scene";
			sourceTree = "<group>";
		};
		32E7281C1ED3F53A004DFDFB /* Shared Functionality */ = {
			isa = PBXGroup;
			children = (
				327458E71ECB1A0300CCA1D0 /* GameManager.swift */,
				323C45EB1ECA40FA003E7E71 /* Helpers.swift */,
			);
			name = "Shared Functionality";
			sourceTree = "<group>";
		};
		32E7281F1ED40423004DFDFB /* Controller */ = {
			isa = PBXGroup;
			children = (
				32E7281D1ED3F5D4004DFDFB /* ObstacleNodeAppenderController.swift */,
				32314FDF1ED018C30016C6FF /* ObstacleNodeAppender.swift */,
				32314FE31ED02B4F0016C6FF /* ObstacleNodeAppendRules.swift */,
			);
			name = Controller;
			sourceTree = "<group>";
		};
		32E728201ED40435004DFDFB /* View */ = {
			isa = PBXGroup;
			children = (
				323C45E91ECA3BE2003E7E71 /* ObstacleNode.swift */,
			);
			name = View;
			sourceTree = "<group>";
		};
		DC69658B901FC96CE377F60C /* Pods */ = {
			isa = PBXGroup;
			children = (
				354206165E7FBB02C39D6183 /* Pods-RoofTopRunner.debug.xcconfig */,
				7BCFBBF2540ACC3BD2630C6F /* Pods-RoofTopRunner.release.xcconfig */,
			);
			name = Pods;
			sourceTree = "<group>";
		};
/* End PBXGroup section */

/* Begin PBXNativeTarget section */
		328747321EC9D49D004D54F6 /* RoofTopRunner */ = {
			isa = PBXNativeTarget;
			buildConfigurationList = 3287474B1EC9D49D004D54F6 /* Build configuration list for PBXNativeTarget "RoofTopRunner" */;
			buildPhases = (
				B0E4D5AC86375169C10F478F /* [CP] Check Pods Manifest.lock */,
				3287472F1EC9D49D004D54F6 /* Sources */,
				328747301EC9D49D004D54F6 /* Frameworks */,
				328747311EC9D49D004D54F6 /* Resources */,
				0AE223D35457EE4A5FB958FA /* [CP] Embed Pods Frameworks */,
				BA21FFCB4C4EB1DED17B4226 /* [CP] Copy Pods Resources */,
			);
			buildRules = (
			);
			dependencies = (
			);
			name = RoofTopRunner;
			productName = RoofTopRunner;
			productReference = 328747331EC9D49D004D54F6 /* RoofTopRunner.app */;
			productType = "com.apple.product-type.application";
		};
/* End PBXNativeTarget section */

/* Begin PBXProject section */
		3287472B1EC9D49D004D54F6 /* Project object */ = {
			isa = PBXProject;
			attributes = {
				LastSwiftUpdateCheck = 0830;
				LastUpgradeCheck = 0830;
				ORGANIZATIONNAME = "Stoyan Stoyanov";
				TargetAttributes = {
					328747321EC9D49D004D54F6 = {
						CreatedOnToolsVersion = 8.3.2;
						DevelopmentTeam = PPF77J63K7;
						ProvisioningStyle = Automatic;
					};
				};
			};
			buildConfigurationList = 3287472E1EC9D49D004D54F6 /* Build configuration list for PBXProject "RoofTopRunner" */;
			compatibilityVersion = "Xcode 3.2";
			developmentRegion = English;
			hasScannedForEncodings = 0;
			knownRegions = (
				en,
				Base,
			);
			mainGroup = 3287472A1EC9D49D004D54F6;
			productRefGroup = 328747341EC9D49D004D54F6 /* Products */;
			projectDirPath = "";
			projectRoot = "";
			targets = (
				328747321EC9D49D004D54F6 /* RoofTopRunner */,
			);
		};
/* End PBXProject section */

/* Begin PBXResourcesBuildPhase section */
		328747311EC9D49D004D54F6 /* Resources */ = {
			isa = PBXResourcesBuildPhase;
			buildActionMask = 2147483647;
			files = (
				328747421EC9D49D004D54F6 /* Main.storyboard in Resources */,
				327458E01ECAFE3D00CCA1D0 /* page_model.json in Resources */,
				328747441EC9D49D004D54F6 /* Assets.xcassets in Resources */,
				328747471EC9D49D004D54F6 /* LaunchScreen.storyboard in Resources */,
			);
			runOnlyForDeploymentPostprocessing = 0;
		};
/* End PBXResourcesBuildPhase section */

/* Begin PBXShellScriptBuildPhase section */
		0AE223D35457EE4A5FB958FA /* [CP] Embed Pods Frameworks */ = {
			isa = PBXShellScriptBuildPhase;
			buildActionMask = 2147483647;
			files = (
			);
			inputPaths = (
			);
			name = "[CP] Embed Pods Frameworks";
			outputPaths = (
			);
			runOnlyForDeploymentPostprocessing = 0;
			shellPath = /bin/sh;
			shellScript = "\"${SRCROOT}/Pods/Target Support Files/Pods-RoofTopRunner/Pods-RoofTopRunner-frameworks.sh\"\n";
			showEnvVarsInLog = 0;
		};
		B0E4D5AC86375169C10F478F /* [CP] Check Pods Manifest.lock */ = {
			isa = PBXShellScriptBuildPhase;
			buildActionMask = 2147483647;
			files = (
			);
			inputPaths = (
			);
			name = "[CP] Check Pods Manifest.lock";
			outputPaths = (
			);
			runOnlyForDeploymentPostprocessing = 0;
			shellPath = /bin/sh;
			shellScript = "diff \"${PODS_ROOT}/../Podfile.lock\" \"${PODS_ROOT}/Manifest.lock\" > /dev/null\nif [ $? != 0 ] ; then\n    # print error to STDERR\n    echo \"error: The sandbox is not in sync with the Podfile.lock. Run 'pod install' or update your CocoaPods installation.\" >&2\n    exit 1\nfi\n";
			showEnvVarsInLog = 0;
		};
		BA21FFCB4C4EB1DED17B4226 /* [CP] Copy Pods Resources */ = {
			isa = PBXShellScriptBuildPhase;
			buildActionMask = 2147483647;
			files = (
			);
			inputPaths = (
			);
			name = "[CP] Copy Pods Resources";
			outputPaths = (
			);
			runOnlyForDeploymentPostprocessing = 0;
			shellPath = /bin/sh;
			shellScript = "\"${SRCROOT}/Pods/Target Support Files/Pods-RoofTopRunner/Pods-RoofTopRunner-resources.sh\"\n";
			showEnvVarsInLog = 0;
		};
/* End PBXShellScriptBuildPhase section */

/* Begin PBXSourcesBuildPhase section */
		3287472F1EC9D49D004D54F6 /* Sources */ = {
			isa = PBXSourcesBuildPhase;
			buildActionMask = 2147483647;
			files = (
				32E3D6351EDFDB420006EFE8 /* MainCharacterNodeBehaviour.swift in Sources */,
				323C45EA1ECA3BE2003E7E71 /* ObstacleNode.swift in Sources */,
				327458E81ECB1A0300CCA1D0 /* GameManager.swift in Sources */,
				32EA791D1EE67D2500B0F4D4 /* MainCharacterNodeHorizontalLimitBehaviour.swift in Sources */,
				327458E21ECB17AE00CCA1D0 /* EndlessLevelScene.swift in Sources */,
				32E3D63C1EDFE5F20006EFE8 /* MainCharacterNodeJumpBehaviour.swift in Sources */,
				3287473F1EC9D49D004D54F6 /* GameViewController.swift in Sources */,
				32E3D6401EDFEF690006EFE8 /* MainCharacterNodeBehaviourController.swift in Sources */,
				323C45EC1ECA40FA003E7E71 /* Helpers.swift in Sources */,
				328747371EC9D49D004D54F6 /* AppDelegate.swift in Sources */,
				320EB5731ECA46D7004DE20D /* ObstaclesLayerNode.swift in Sources */,
				32314FE41ED02B4F0016C6FF /* ObstacleNodeAppendRules.swift in Sources */,
				32314FE01ED018C30016C6FF /* ObstacleNodeAppender.swift in Sources */,
				32E7281E1ED3F5D4004DFDFB /* ObstacleNodeAppenderController.swift in Sources */,
				32E3D63A1EDFE52C0006EFE8 /* MainCharacterNodeEventDrivenBehaviour.swift in Sources */,
				32E30A5D1EDF407D00C24959 /* MainCharacterNode.swift in Sources */,
				32E3D63E1EDFECB60006EFE8 /* MainCharacterNodeContinuousBehaviour.swift in Sources */,
			);
			runOnlyForDeploymentPostprocessing = 0;
		};
/* End PBXSourcesBuildPhase section */

/* Begin PBXVariantGroup section */
		328747401EC9D49D004D54F6 /* Main.storyboard */ = {
			isa = PBXVariantGroup;
			children = (
				328747411EC9D49D004D54F6 /* Base */,
			);
			name = Main.storyboard;
			sourceTree = "<group>";
		};
		328747451EC9D49D004D54F6 /* LaunchScreen.storyboard */ = {
			isa = PBXVariantGroup;
			children = (
				328747461EC9D49D004D54F6 /* Base */,
			);
			name = LaunchScreen.storyboard;
			sourceTree = "<group>";
		};
/* End PBXVariantGroup section */

/* Begin XCBuildConfiguration section */
		328747491EC9D49D004D54F6 /* Debug */ = {
			isa = XCBuildConfiguration;
			buildSettings = {
				ALWAYS_SEARCH_USER_PATHS = NO;
				CLANG_ANALYZER_NONNULL = YES;
				CLANG_ANALYZER_NUMBER_OBJECT_CONVERSION = YES_AGGRESSIVE;
				CLANG_CXX_LANGUAGE_STANDARD = "gnu++0x";
				CLANG_CXX_LIBRARY = "libc++";
				CLANG_ENABLE_MODULES = YES;
				CLANG_ENABLE_OBJC_ARC = YES;
				CLANG_WARN_BOOL_CONVERSION = YES;
				CLANG_WARN_CONSTANT_CONVERSION = YES;
				CLANG_WARN_DIRECT_OBJC_ISA_USAGE = YES_ERROR;
				CLANG_WARN_DOCUMENTATION_COMMENTS = YES;
				CLANG_WARN_EMPTY_BODY = YES;
				CLANG_WARN_ENUM_CONVERSION = YES;
				CLANG_WARN_INFINITE_RECURSION = YES;
				CLANG_WARN_INT_CONVERSION = YES;
				CLANG_WARN_OBJC_ROOT_CLASS = YES_ERROR;
				CLANG_WARN_SUSPICIOUS_MOVE = YES;
				CLANG_WARN_UNREACHABLE_CODE = YES;
				CLANG_WARN__DUPLICATE_METHOD_MATCH = YES;
				"CODE_SIGN_IDENTITY[sdk=iphoneos*]" = "iPhone Developer";
				COPY_PHASE_STRIP = NO;
				DEBUG_INFORMATION_FORMAT = dwarf;
				ENABLE_STRICT_OBJC_MSGSEND = YES;
				ENABLE_TESTABILITY = YES;
				GCC_C_LANGUAGE_STANDARD = gnu99;
				GCC_DYNAMIC_NO_PIC = NO;
				GCC_NO_COMMON_BLOCKS = YES;
				GCC_OPTIMIZATION_LEVEL = 0;
				GCC_PREPROCESSOR_DEFINITIONS = (
					"DEBUG=1",
					"$(inherited)",
				);
				GCC_WARN_64_TO_32_BIT_CONVERSION = YES;
				GCC_WARN_ABOUT_RETURN_TYPE = YES_ERROR;
				GCC_WARN_UNDECLARED_SELECTOR = YES;
				GCC_WARN_UNINITIALIZED_AUTOS = YES_AGGRESSIVE;
				GCC_WARN_UNUSED_FUNCTION = YES;
				GCC_WARN_UNUSED_VARIABLE = YES;
				IPHONEOS_DEPLOYMENT_TARGET = 10.3;
				MTL_ENABLE_DEBUG_INFO = YES;
				ONLY_ACTIVE_ARCH = YES;
				SDKROOT = iphoneos;
				SWIFT_ACTIVE_COMPILATION_CONDITIONS = DEBUG;
				SWIFT_OPTIMIZATION_LEVEL = "-Onone";
				TARGETED_DEVICE_FAMILY = "1,2";
			};
			name = Debug;
		};
		3287474A1EC9D49D004D54F6 /* Release */ = {
			isa = XCBuildConfiguration;
			buildSettings = {
				ALWAYS_SEARCH_USER_PATHS = NO;
				CLANG_ANALYZER_NONNULL = YES;
				CLANG_ANALYZER_NUMBER_OBJECT_CONVERSION = YES_AGGRESSIVE;
				CLANG_CXX_LANGUAGE_STANDARD = "gnu++0x";
				CLANG_CXX_LIBRARY = "libc++";
				CLANG_ENABLE_MODULES = YES;
				CLANG_ENABLE_OBJC_ARC = YES;
				CLANG_WARN_BOOL_CONVERSION = YES;
				CLANG_WARN_CONSTANT_CONVERSION = YES;
				CLANG_WARN_DIRECT_OBJC_ISA_USAGE = YES_ERROR;
				CLANG_WARN_DOCUMENTATION_COMMENTS = YES;
				CLANG_WARN_EMPTY_BODY = YES;
				CLANG_WARN_ENUM_CONVERSION = YES;
				CLANG_WARN_INFINITE_RECURSION = YES;
				CLANG_WARN_INT_CONVERSION = YES;
				CLANG_WARN_OBJC_ROOT_CLASS = YES_ERROR;
				CLANG_WARN_SUSPICIOUS_MOVE = YES;
				CLANG_WARN_UNREACHABLE_CODE = YES;
				CLANG_WARN__DUPLICATE_METHOD_MATCH = YES;
				"CODE_SIGN_IDENTITY[sdk=iphoneos*]" = "iPhone Developer";
				COPY_PHASE_STRIP = NO;
				DEBUG_INFORMATION_FORMAT = "dwarf-with-dsym";
				ENABLE_NS_ASSERTIONS = NO;
				ENABLE_STRICT_OBJC_MSGSEND = YES;
				GCC_C_LANGUAGE_STANDARD = gnu99;
				GCC_NO_COMMON_BLOCKS = YES;
				GCC_WARN_64_TO_32_BIT_CONVERSION = YES;
				GCC_WARN_ABOUT_RETURN_TYPE = YES_ERROR;
				GCC_WARN_UNDECLARED_SELECTOR = YES;
				GCC_WARN_UNINITIALIZED_AUTOS = YES_AGGRESSIVE;
				GCC_WARN_UNUSED_FUNCTION = YES;
				GCC_WARN_UNUSED_VARIABLE = YES;
				IPHONEOS_DEPLOYMENT_TARGET = 10.3;
				MTL_ENABLE_DEBUG_INFO = NO;
				SDKROOT = iphoneos;
				SWIFT_OPTIMIZATION_LEVEL = "-Owholemodule";
				TARGETED_DEVICE_FAMILY = "1,2";
				VALIDATE_PRODUCT = YES;
			};
			name = Release;
		};
		3287474C1EC9D49D004D54F6 /* Debug */ = {
			isa = XCBuildConfiguration;
			baseConfigurationReference = 354206165E7FBB02C39D6183 /* Pods-RoofTopRunner.debug.xcconfig */;
			buildSettings = {
				ASSETCATALOG_COMPILER_APPICON_NAME = AppIcon;
				DEVELOPMENT_TEAM = PPF77J63K7;
				INFOPLIST_FILE = RoofTopRunner/Info.plist;
				IPHONEOS_DEPLOYMENT_TARGET = 10.0;
				LD_RUNPATH_SEARCH_PATHS = "$(inherited) @executable_path/Frameworks";
				PRODUCT_BUNDLE_IDENTIFIER = com.stoyan.stoyanov.RoofTopRunner;
				PRODUCT_NAME = "$(TARGET_NAME)";
				SWIFT_VERSION = 3.0;
			};
			name = Debug;
		};
		3287474D1EC9D49D004D54F6 /* Release */ = {
			isa = XCBuildConfiguration;
			baseConfigurationReference = 7BCFBBF2540ACC3BD2630C6F /* Pods-RoofTopRunner.release.xcconfig */;
			buildSettings = {
				ASSETCATALOG_COMPILER_APPICON_NAME = AppIcon;
				DEVELOPMENT_TEAM = PPF77J63K7;
				INFOPLIST_FILE = RoofTopRunner/Info.plist;
				IPHONEOS_DEPLOYMENT_TARGET = 10.0;
				LD_RUNPATH_SEARCH_PATHS = "$(inherited) @executable_path/Frameworks";
				PRODUCT_BUNDLE_IDENTIFIER = com.stoyan.stoyanov.RoofTopRunner;
				PRODUCT_NAME = "$(TARGET_NAME)";
				SWIFT_VERSION = 3.0;
			};
			name = Release;
		};
/* End XCBuildConfiguration section */

/* Begin XCConfigurationList section */
		3287472E1EC9D49D004D54F6 /* Build configuration list for PBXProject "RoofTopRunner" */ = {
			isa = XCConfigurationList;
			buildConfigurations = (
				328747491EC9D49D004D54F6 /* Debug */,
				3287474A1EC9D49D004D54F6 /* Release */,
			);
			defaultConfigurationIsVisible = 0;
			defaultConfigurationName = Release;
		};
		3287474B1EC9D49D004D54F6 /* Build configuration list for PBXNativeTarget "RoofTopRunner" */ = {
			isa = XCConfigurationList;
			buildConfigurations = (
				3287474C1EC9D49D004D54F6 /* Debug */,
				3287474D1EC9D49D004D54F6 /* Release */,
			);
			defaultConfigurationIsVisible = 0;
			defaultConfigurationName = Release;
		};
/* End XCConfigurationList section */
	};
	rootObject = 3287472B1EC9D49D004D54F6 /* Project object */;
}
